
Microsoft Visual Studio Solution File, Format Version 12.00
# Visual Studio 2012
Project("{FAE04EC0-301F-11D3-BF4B-00C04F79EFBC}") = "Diana2DClient", "Diana2DClient\Diana2DClient.csproj", "{AE4E96E4-446C-494D-91AE-47779A27E62C}"
EndProject
Global
	GlobalSection(SolutionConfigurationPlatforms) = preSolution
		Debug|Any CPU = Debug|Any CPU
		Release|Any CPU = Release|Any CPU
	EndGlobalSection
	GlobalSection(ProjectConfigurationPlatforms) = postSolution
		{AE4E96E4-446C-494D-91AE-47779A27E62C}.Debug|Any CPU.ActiveCfg = Debug|Any CPU
		{AE4E96E4-446C-494D-91AE-47779A27E62C}.Debug|Any CPU.Build.0 = Debug|Any CPU
		{AE4E96E4-446C-494D-91AE-47779A27E62C}.Release|Any CPU.ActiveCfg = Release|Any CPU
		{AE4E96E4-446C-494D-91AE-47779A27E62C}.Release|Any CPU.Build.0 = Release|Any CPU
	EndGlobalSection
	GlobalSection(SolutionProperties) = preSolution
		HideSolutionNode = FALSE
	EndGlobalSection
EndGlobal
